
Microsoft Visual Studio Solution File, Format Version 12.00
# Visual Studio Version 16
VisualStudioVersion = 16.0.30717.126
MinimumVisualStudioVersion = 10.0.40219.1
Project("{FAE04EC0-301F-11D3-BF4B-00C04F79EFBC}") = "02", "02.csproj", "{941AB0B2-4052-45FB-8942-241D7AB0D22F}"
EndProject
Project("{2150E333-8FDC-42A3-9474-1A3956D46DE8}") = "Solution Items", "Solution Items", "{94919A94-CD29-479C-9D5E-F19EB9110309}"
EndProject
Global
	GlobalSection(SolutionConfigurationPlatforms) = preSolution
		Debug|Any CPU = Debug|Any CPU
		Release|Any CPU = Release|Any CPU
	EndGlobalSection
	GlobalSection(ProjectConfigurationPlatforms) = postSolution
		{941AB0B2-4052-45FB-8942-241D7AB0D22F}.Debug|Any CPU.ActiveCfg = Debug|Any CPU
		{941AB0B2-4052-45FB-8942-241D7AB0D22F}.Debug|Any CPU.Build.0 = Debug|Any CPU
		{941AB0B2-4052-45FB-8942-241D7AB0D22F}.Release|Any CPU.ActiveCfg = Release|Any CPU
		{941AB0B2-4052-45FB-8942-241D7AB0D22F}.Release|Any CPU.Build.0 = Release|Any CPU
	EndGlobalSection
	GlobalSection(SolutionProperties) = preSolution
		HideSolutionNode = FALSE
	EndGlobalSection
	GlobalSection(ExtensibilityGlobals) = postSolution
		SolutionGuid = {8454E729-13F4-454D-8768-ED53D8894E87}
	EndGlobalSection
EndGlobal
